
Microsoft Visual Studio Solution File, Format Version 12.00
# Visual Studio Version 16
VisualStudioVersion = 16.0.31205.134
MinimumVisualStudioVersion = 10.0.40219.1
Project("{9A19103F-16F7-4668-BE54-9A1E7A4F7556}") = "YcgItInventorySystem_V2", "YcgItInventorySystem_V2\YcgItInventorySystem_V2.csproj", "{C7ED040C-C313-496C-9726-057E8803433A}"
EndProject
Project("{FAE04EC0-301F-11D3-BF4B-00C04F79EFBC}") = "RDLC_Design", "RDLC_Design\RDLC_Design.csproj", "{02DB5D9E-1A2A-4C87-99B3-AE0594C1BF0B}"
EndProject
Global
	GlobalSection(SolutionConfigurationPlatforms) = preSolution
		Debug|Any CPU = Debug|Any CPU
		Release|Any CPU = Release|Any CPU
	EndGlobalSection
	GlobalSection(ProjectConfigurationPlatforms) = postSolution
		{C7ED040C-C313-496C-9726-057E8803433A}.Debug|Any CPU.ActiveCfg = Debug|Any CPU
		{C7ED040C-C313-496C-9726-057E8803433A}.Debug|Any CPU.Build.0 = Debug|Any CPU
		{C7ED040C-C313-496C-9726-057E8803433A}.Release|Any CPU.ActiveCfg = Release|Any CPU
		{C7ED040C-C313-496C-9726-057E8803433A}.Release|Any CPU.Build.0 = Release|Any CPU
		{02DB5D9E-1A2A-4C87-99B3-AE0594C1BF0B}.Debug|Any CPU.ActiveCfg = Debug|Any CPU
		{02DB5D9E-1A2A-4C87-99B3-AE0594C1BF0B}.Debug|Any CPU.Build.0 = Debug|Any CPU
		{02DB5D9E-1A2A-4C87-99B3-AE0594C1BF0B}.Release|Any CPU.ActiveCfg = Release|Any CPU
		{02DB5D9E-1A2A-4C87-99B3-AE0594C1BF0B}.Release|Any CPU.Build.0 = Release|Any CPU
	EndGlobalSection
	GlobalSection(SolutionProperties) = preSolution
		HideSolutionNode = FALSE
	EndGlobalSection
	GlobalSection(ExtensibilityGlobals) = postSolution
		SolutionGuid = {302E230A-2778-452A-ADA6-922602265E53}
	EndGlobalSection
EndGlobal
